
Microsoft Visual Studio Solution File, Format Version 12.00
# Visual Studio Version 17
VisualStudioVersion = 17.7.34202.233
MinimumVisualStudioVersion = 10.0.40219.1
Project("{FAE04EC0-301F-11D3-BF4B-00C04F79EFBC}") = "pj09_3", "pj09_3.csproj", "{5CF28287-C5C1-49A0-8E48-B6E163E9086A}"
EndProject
Project("{FAE04EC0-301F-11D3-BF4B-00C04F79EFBC}") = "pj10_1", "..\10_1\pj10_1.csproj", "{D88EEB30-D446-4877-8614-FD065DD18738}"
EndProject
Global
	GlobalSection(SolutionConfigurationPlatforms) = preSolution
		Debug|Any CPU = Debug|Any CPU
		Release|Any CPU = Release|Any CPU
	EndGlobalSection
	GlobalSection(ProjectConfigurationPlatforms) = postSolution
		{5CF28287-C5C1-49A0-8E48-B6E163E9086A}.Debug|Any CPU.ActiveCfg = Debug|Any CPU
		{5CF28287-C5C1-49A0-8E48-B6E163E9086A}.Debug|Any CPU.Build.0 = Debug|Any CPU
		{5CF28287-C5C1-49A0-8E48-B6E163E9086A}.Release|Any CPU.ActiveCfg = Release|Any CPU
		{5CF28287-C5C1-49A0-8E48-B6E163E9086A}.Release|Any CPU.Build.0 = Release|Any CPU
		{D88EEB30-D446-4877-8614-FD065DD18738}.Debug|Any CPU.ActiveCfg = Debug|Any CPU
		{D88EEB30-D446-4877-8614-FD065DD18738}.Debug|Any CPU.Build.0 = Debug|Any CPU
		{D88EEB30-D446-4877-8614-FD065DD18738}.Release|Any CPU.ActiveCfg = Release|Any CPU
		{D88EEB30-D446-4877-8614-FD065DD18738}.Release|Any CPU.Build.0 = Release|Any CPU
	EndGlobalSection
	GlobalSection(SolutionProperties) = preSolution
		HideSolutionNode = FALSE
	EndGlobalSection
	GlobalSection(ExtensibilityGlobals) = postSolution
		SolutionGuid = {7EEF3042-C5AA-4F70-9FB5-0764BEB5CC49}
	EndGlobalSection
EndGlobal
